
Microsoft Visual Studio Solution File, Format Version 12.00
# Visual Studio Version 16
VisualStudioVersion = 16.0.29613.14
MinimumVisualStudioVersion = 10.0.40219.1
Project("{FAE04EC0-301F-11D3-BF4B-00C04F79EFBC}") = "TrackerApp", "TrackerApp\TrackerApp.csproj", "{0DC04125-D5FF-46A6-9F5B-E4CB23BD935F}"
EndProject
Project("{54435603-DBB4-11D2-8724-00A0C9A8B90C}") = "Setup", "Setup\Setup.vdproj", "{2B1E16C1-2F71-4442-9420-D6C9BDD0EFAB}"
EndProject
Project("{FAE04EC0-301F-11D3-BF4B-00C04F79EFBC}") = "TrackerAppTests", "TrackerAppTests\TrackerAppTests.csproj", "{27A1E937-D8E5-44F6-BE1C-8CC448F8198D}"
EndProject
Global
	GlobalSection(SolutionConfigurationPlatforms) = preSolution
		Debug|Any CPU = Debug|Any CPU
		Release|Any CPU = Release|Any CPU
	EndGlobalSection
	GlobalSection(ProjectConfigurationPlatforms) = postSolution
		{0DC04125-D5FF-46A6-9F5B-E4CB23BD935F}.Debug|Any CPU.ActiveCfg = Debug|Any CPU
		{0DC04125-D5FF-46A6-9F5B-E4CB23BD935F}.Debug|Any CPU.Build.0 = Debug|Any CPU
		{0DC04125-D5FF-46A6-9F5B-E4CB23BD935F}.Release|Any CPU.ActiveCfg = Release|Any CPU
		{0DC04125-D5FF-46A6-9F5B-E4CB23BD935F}.Release|Any CPU.Build.0 = Release|Any CPU
		{2B1E16C1-2F71-4442-9420-D6C9BDD0EFAB}.Debug|Any CPU.ActiveCfg = Debug
		{2B1E16C1-2F71-4442-9420-D6C9BDD0EFAB}.Release|Any CPU.ActiveCfg = Release
		{27A1E937-D8E5-44F6-BE1C-8CC448F8198D}.Debug|Any CPU.ActiveCfg = Debug|Any CPU
		{27A1E937-D8E5-44F6-BE1C-8CC448F8198D}.Debug|Any CPU.Build.0 = Debug|Any CPU
		{27A1E937-D8E5-44F6-BE1C-8CC448F8198D}.Release|Any CPU.ActiveCfg = Release|Any CPU
		{27A1E937-D8E5-44F6-BE1C-8CC448F8198D}.Release|Any CPU.Build.0 = Release|Any CPU
	EndGlobalSection
	GlobalSection(SolutionProperties) = preSolution
		HideSolutionNode = FALSE
	EndGlobalSection
	GlobalSection(ExtensibilityGlobals) = postSolution
		SolutionGuid = {96D04E38-C363-4BBA-8CE6-7A4CFB44A36F}
	EndGlobalSection
EndGlobal
